// !$*UTF8*$!
{
	archiveVersion = 1;
	classes = {
	};
	objectVersion = 46;
	objects = {

/* Begin PBXBuildFile section */
		A61DD9FB1E66BE9300278F2D /* AVFoundation.framework in Frameworks */ = {isa = PBXBuildFile; fileRef = A61DD9FA1E66BE9300278F2D /* AVFoundation.framework */; };
		A61DDA101E6712D400278F2D /* libg7221codec.a in Frameworks */ = {isa = PBXBuildFile; fileRef = A61DD9FC1E6712D400278F2D /* libg7221codec.a */; };
		A61DDA111E6712D400278F2D /* libgsmcodec.a in Frameworks */ = {isa = PBXBuildFile; fileRef = A61DD9FD1E6712D400278F2D /* libgsmcodec.a */; };
		A61DDA121E6712D400278F2D /* libilbccodec.a in Frameworks */ = {isa = PBXBuildFile; fileRef = A61DD9FE1E6712D400278F2D /* libilbccodec.a */; };
		A61DDA131E6712D400278F2D /* libpj.a in Frameworks */ = {isa = PBXBuildFile; fileRef = A61DD9FF1E6712D400278F2D /* libpj.a */; };
		A61DDA141E6712D400278F2D /* libpjlib-util.a in Frameworks */ = {isa = PBXBuildFile; fileRef = A61DDA001E6712D400278F2D /* libpjlib-util.a */; };
		A61DDA151E6712D400278F2D /* libpjmedia-audiodev.a in Frameworks */ = {isa = PBXBuildFile; fileRef = A61DDA011E6712D400278F2D /* libpjmedia-audiodev.a */; };
		A61DDA161E6712D400278F2D /* libpjmedia-codec.a in Frameworks */ = {isa = PBXBuildFile; fileRef = A61DDA021E6712D400278F2D /* libpjmedia-codec.a */; };
		A61DDA171E6712D400278F2D /* libpjmedia-videodev.a in Frameworks */ = {isa = PBXBuildFile; fileRef = A61DDA031E6712D400278F2D /* libpjmedia-videodev.a */; };
		A61DDA181E6712D400278F2D /* libpjmedia.a in Frameworks */ = {isa = PBXBuildFile; fileRef = A61DDA041E6712D400278F2D /* libpjmedia.a */; };
		A61DDA191E6712D400278F2D /* libpjnath.a in Frameworks */ = {isa = PBXBuildFile; fileRef = A61DDA051E6712D400278F2D /* libpjnath.a */; };
		A61DDA1A1E6712D400278F2D /* libpjsdp.a in Frameworks */ = {isa = PBXBuildFile; fileRef = A61DDA061E6712D400278F2D /* libpjsdp.a */; };
		A61DDA1B1E6712D400278F2D /* libpjsip-simple.a in Frameworks */ = {isa = PBXBuildFile; fileRef = A61DDA071E6712D400278F2D /* libpjsip-simple.a */; };
		A61DDA1C1E6712D400278F2D /* libpjsip-ua.a in Frameworks */ = {isa = PBXBuildFile; fileRef = A61DDA081E6712D400278F2D /* libpjsip-ua.a */; };
		A61DDA1D1E6712D400278F2D /* libpjsip.a in Frameworks */ = {isa = PBXBuildFile; fileRef = A61DDA091E6712D400278F2D /* libpjsip.a */; };
		A61DDA1E1E6712D400278F2D /* libpjsua.a in Frameworks */ = {isa = PBXBuildFile; fileRef = A61DDA0A1E6712D400278F2D /* libpjsua.a */; };
		A61DDA1F1E6712D400278F2D /* libpjsua2.a in Frameworks */ = {isa = PBXBuildFile; fileRef = A61DDA0B1E6712D400278F2D /* libpjsua2.a */; };
		A61DDA201E6712D400278F2D /* libresample.a in Frameworks */ = {isa = PBXBuildFile; fileRef = A61DDA0C1E6712D400278F2D /* libresample.a */; };
		A61DDA211E6712D400278F2D /* libspeex.a in Frameworks */ = {isa = PBXBuildFile; fileRef = A61DDA0D1E6712D400278F2D /* libspeex.a */; };
		A61DDA221E6712D400278F2D /* libsrtp.a in Frameworks */ = {isa = PBXBuildFile; fileRef = A61DDA0E1E6712D400278F2D /* libsrtp.a */; };
		A61DDA231E6712D400278F2D /* libyuv.a in Frameworks */ = {isa = PBXBuildFile; fileRef = A61DDA0F1E6712D400278F2D /* libyuv.a */; };
		A6D8F1201E65E482007D5702 /* CallKit.framework in Frameworks */ = {isa = PBXBuildFile; fileRef = A6D8F11F1E65E482007D5702 /* CallKit.framework */; };
		A6F413A01E38CE9600340CC2 /* PjSipAccount.m in Sources */ = {isa = PBXBuildFile; fileRef = A6F413931E38CE9600340CC2 /* PjSipAccount.m */; };
		A6F413A11E38CE9600340CC2 /* PjSipCall.m in Sources */ = {isa = PBXBuildFile; fileRef = A6F413951E38CE9600340CC2 /* PjSipCall.m */; };
		A6F413A31E38CE9600340CC2 /* PjSipEndpoint.m in Sources */ = {isa = PBXBuildFile; fileRef = A6F413991E38CE9600340CC2 /* PjSipEndpoint.m */; };
		A6F413A41E38CE9600340CC2 /* PjSipModule.m in Sources */ = {isa = PBXBuildFile; fileRef = A6F4139B1E38CE9600340CC2 /* PjSipModule.m */; };
		A6F413A51E38CE9600340CC2 /* PjSipUtil.m in Sources */ = {isa = PBXBuildFile; fileRef = A6F4139D1E38CE9600340CC2 /* PjSipUtil.m */; };
		A6F413A61E38CE9600340CC2 /* RTCPjSip.m in Sources */ = {isa = PBXBuildFile; fileRef = A6F4139F1E38CE9600340CC2 /* RTCPjSip.m */; };
/* End PBXBuildFile section */

/* Begin PBXCopyFilesBuildPhase section */
		DDFF87501D79D6F50096A8BE /* CopyFiles */ = {
			isa = PBXCopyFilesBuildPhase;
			buildActionMask = 2147483647;
			dstPath = "include/$(PRODUCT_NAME)";
			dstSubfolderSpec = 16;
			files = (
			);
			runOnlyForDeploymentPostprocessing = 0;
		};
/* End PBXCopyFilesBuildPhase section */

/* Begin PBXFileReference section */
		A61DD9FA1E66BE9300278F2D /* AVFoundation.framework */ = {isa = PBXFileReference; lastKnownFileType = wrapper.framework; name = AVFoundation.framework; path = System/Library/Frameworks/AVFoundation.framework; sourceTree = SDKROOT; };
		A61DD9FC1E6712D400278F2D /* libg7221codec.a */ = {isa = PBXFileReference; lastKnownFileType = archive.ar; name = libg7221codec.a; path = libpjsip/Libs/libg7221codec.a; sourceTree = "<group>"; };
		A61DD9FD1E6712D400278F2D /* libgsmcodec.a */ = {isa = PBXFileReference; lastKnownFileType = archive.ar; name = libgsmcodec.a; path = libpjsip/Libs/libgsmcodec.a; sourceTree = "<group>"; };
		A61DD9FE1E6712D400278F2D /* libilbccodec.a */ = {isa = PBXFileReference; lastKnownFileType = archive.ar; name = libilbccodec.a; path = libpjsip/Libs/libilbccodec.a; sourceTree = "<group>"; };
		A61DD9FF1E6712D400278F2D /* libpj.a */ = {isa = PBXFileReference; lastKnownFileType = archive.ar; name = libpj.a; path = libpjsip/Libs/libpj.a; sourceTree = "<group>"; };
		A61DDA001E6712D400278F2D /* libpjlib-util.a */ = {isa = PBXFileReference; lastKnownFileType = archive.ar; name = "libpjlib-util.a"; path = "libpjsip/Libs/libpjlib-util.a"; sourceTree = "<group>"; };
		A61DDA011E6712D400278F2D /* libpjmedia-audiodev.a */ = {isa = PBXFileReference; lastKnownFileType = archive.ar; name = "libpjmedia-audiodev.a"; path = "libpjsip/Libs/libpjmedia-audiodev.a"; sourceTree = "<group>"; };
		A61DDA021E6712D400278F2D /* libpjmedia-codec.a */ = {isa = PBXFileReference; lastKnownFileType = archive.ar; name = "libpjmedia-codec.a"; path = "libpjsip/Libs/libpjmedia-codec.a"; sourceTree = "<group>"; };
		A61DDA031E6712D400278F2D /* libpjmedia-videodev.a */ = {isa = PBXFileReference; lastKnownFileType = archive.ar; name = "libpjmedia-videodev.a"; path = "libpjsip/Libs/libpjmedia-videodev.a"; sourceTree = "<group>"; };
		A61DDA041E6712D400278F2D /* libpjmedia.a */ = {isa = PBXFileReference; lastKnownFileType = archive.ar; name = libpjmedia.a; path = libpjsip/Libs/libpjmedia.a; sourceTree = "<group>"; };
		A61DDA051E6712D400278F2D /* libpjnath.a */ = {isa = PBXFileReference; lastKnownFileType = archive.ar; name = libpjnath.a; path = libpjsip/Libs/libpjnath.a; sourceTree = "<group>"; };
		A61DDA061E6712D400278F2D /* libpjsdp.a */ = {isa = PBXFileReference; lastKnownFileType = archive.ar; name = libpjsdp.a; path = libpjsip/Libs/libpjsdp.a; sourceTree = "<group>"; };
		A61DDA071E6712D400278F2D /* libpjsip-simple.a */ = {isa = PBXFileReference; lastKnownFileType = archive.ar; name = "libpjsip-simple.a"; path = "libpjsip/Libs/libpjsip-simple.a"; sourceTree = "<group>"; };
		A61DDA081E6712D400278F2D /* libpjsip-ua.a */ = {isa = PBXFileReference; lastKnownFileType = archive.ar; name = "libpjsip-ua.a"; path = "libpjsip/Libs/libpjsip-ua.a"; sourceTree = "<group>"; };
		A61DDA091E6712D400278F2D /* libpjsip.a */ = {isa = PBXFileReference; lastKnownFileType = archive.ar; name = libpjsip.a; path = libpjsip/Libs/libpjsip.a; sourceTree = "<group>"; };
		A61DDA0A1E6712D400278F2D /* libpjsua.a */ = {isa = PBXFileReference; lastKnownFileType = archive.ar; name = libpjsua.a; path = libpjsip/Libs/libpjsua.a; sourceTree = "<group>"; };
		A61DDA0B1E6712D400278F2D /* libpjsua2.a */ = {isa = PBXFileReference; lastKnownFileType = archive.ar; name = libpjsua2.a; path = libpjsip/Libs/libpjsua2.a; sourceTree = "<group>"; };
		A61DDA0C1E6712D400278F2D /* libresample.a */ = {isa = PBXFileReference; lastKnownFileType = archive.ar; name = libresample.a; path = libpjsip/Libs/libresample.a; sourceTree = "<group>"; };
		A61DDA0D1E6712D400278F2D /* libspeex.a */ = {isa = PBXFileReference; lastKnownFileType = archive.ar; name = libspeex.a; path = libpjsip/Libs/libspeex.a; sourceTree = "<group>"; };
		A61DDA0E1E6712D400278F2D /* libsrtp.a */ = {isa = PBXFileReference; lastKnownFileType = archive.ar; name = libsrtp.a; path = libpjsip/Libs/libsrtp.a; sourceTree = "<group>"; };
		A61DDA0F1E6712D400278F2D /* libyuv.a */ = {isa = PBXFileReference; lastKnownFileType = archive.ar; name = libyuv.a; path = libpjsip/Libs/libyuv.a; sourceTree = "<group>"; };
		A6D8F11F1E65E482007D5702 /* CallKit.framework */ = {isa = PBXFileReference; lastKnownFileType = wrapper.framework; name = CallKit.framework; path = System/Library/Frameworks/CallKit.framework; sourceTree = SDKROOT; };
		A6F413921E38CE9600340CC2 /* PjSipAccount.h */ = {isa = PBXFileReference; fileEncoding = 4; lastKnownFileType = sourcecode.c.h; path = PjSipAccount.h; sourceTree = "<group>"; };
		A6F413931E38CE9600340CC2 /* PjSipAccount.m */ = {isa = PBXFileReference; fileEncoding = 4; lastKnownFileType = sourcecode.c.objc; path = PjSipAccount.m; sourceTree = "<group>"; };
		A6F413941E38CE9600340CC2 /* PjSipCall.h */ = {isa = PBXFileReference; fileEncoding = 4; lastKnownFileType = sourcecode.c.h; path = PjSipCall.h; sourceTree = "<group>"; };
		A6F413951E38CE9600340CC2 /* PjSipCall.m */ = {isa = PBXFileReference; fileEncoding = 4; lastKnownFileType = sourcecode.c.objc; path = PjSipCall.m; sourceTree = "<group>"; };
		A6F413981E38CE9600340CC2 /* PjSipEndpoint.h */ = {isa = PBXFileReference; fileEncoding = 4; lastKnownFileType = sourcecode.c.h; path = PjSipEndpoint.h; sourceTree = "<group>"; };
		A6F413991E38CE9600340CC2 /* PjSipEndpoint.m */ = {isa = PBXFileReference; fileEncoding = 4; lastKnownFileType = sourcecode.c.objc; path = PjSipEndpoint.m; sourceTree = "<group>"; };
		A6F4139A1E38CE9600340CC2 /* PjSipModule.h */ = {isa = PBXFileReference; fileEncoding = 4; lastKnownFileType = sourcecode.c.h; path = PjSipModule.h; sourceTree = "<group>"; };
		A6F4139B1E38CE9600340CC2 /* PjSipModule.m */ = {isa = PBXFileReference; fileEncoding = 4; lastKnownFileType = sourcecode.c.objc; path = PjSipModule.m; sourceTree = "<group>"; };
		A6F4139C1E38CE9600340CC2 /* PjSipUtil.h */ = {isa = PBXFileReference; fileEncoding = 4; lastKnownFileType = sourcecode.c.h; path = PjSipUtil.h; sourceTree = "<group>"; };
		A6F4139D1E38CE9600340CC2 /* PjSipUtil.m */ = {isa = PBXFileReference; fileEncoding = 4; lastKnownFileType = sourcecode.c.objc; path = PjSipUtil.m; sourceTree = "<group>"; };
		A6F4139E1E38CE9600340CC2 /* RTCPjSip.h */ = {isa = PBXFileReference; fileEncoding = 4; lastKnownFileType = sourcecode.c.h; path = RTCPjSip.h; sourceTree = "<group>"; };
		A6F4139F1E38CE9600340CC2 /* RTCPjSip.m */ = {isa = PBXFileReference; fileEncoding = 4; lastKnownFileType = sourcecode.c.objc; path = RTCPjSip.m; sourceTree = "<group>"; };
		DDFF87521D79D6F50096A8BE /* libRTCPjSip.a */ = {isa = PBXFileReference; explicitFileType = archive.ar; includeInIndex = 0; path = libRTCPjSip.a; sourceTree = BUILT_PRODUCTS_DIR; };
/* End PBXFileReference section */

/* Begin PBXFrameworksBuildPhase section */
		DDFF874F1D79D6F50096A8BE /* Frameworks */ = {
			isa = PBXFrameworksBuildPhase;
			buildActionMask = 2147483647;
			files = (
				A61DD9FB1E66BE9300278F2D /* AVFoundation.framework in Frameworks */,
				A6D8F1201E65E482007D5702 /* CallKit.framework in Frameworks */,
				A61DDA101E6712D400278F2D /* libg7221codec.a in Frameworks */,
				A61DDA111E6712D400278F2D /* libgsmcodec.a in Frameworks */,
				A61DDA121E6712D400278F2D /* libilbccodec.a in Frameworks */,
				A61DDA131E6712D400278F2D /* libpj.a in Frameworks */,
				A61DDA141E6712D400278F2D /* libpjlib-util.a in Frameworks */,
				A61DDA151E6712D400278F2D /* libpjmedia-audiodev.a in Frameworks */,
				A61DDA161E6712D400278F2D /* libpjmedia-codec.a in Frameworks */,
				A61DDA171E6712D400278F2D /* libpjmedia-videodev.a in Frameworks */,
				A61DDA181E6712D400278F2D /* libpjmedia.a in Frameworks */,
				A61DDA191E6712D400278F2D /* libpjnath.a in Frameworks */,
				A61DDA1A1E6712D400278F2D /* libpjsdp.a in Frameworks */,
				A61DDA1B1E6712D400278F2D /* libpjsip-simple.a in Frameworks */,
				A61DDA1C1E6712D400278F2D /* libpjsip-ua.a in Frameworks */,
				A61DDA1D1E6712D400278F2D /* libpjsip.a in Frameworks */,
				A61DDA1E1E6712D400278F2D /* libpjsua.a in Frameworks */,
				A61DDA1F1E6712D400278F2D /* libpjsua2.a in Frameworks */,
				A61DDA201E6712D400278F2D /* libresample.a in Frameworks */,
				A61DDA211E6712D400278F2D /* libspeex.a in Frameworks */,
				A61DDA221E6712D400278F2D /* libsrtp.a in Frameworks */,
				A61DDA231E6712D400278F2D /* libyuv.a in Frameworks */,
			);
			runOnlyForDeploymentPostprocessing = 0;
		};
/* End PBXFrameworksBuildPhase section */

/* Begin PBXGroup section */
		A6A12F5D1E65A8400002151D /* Frameworks */ = {
			isa = PBXGroup;
			children = (
				A61DD9FC1E6712D400278F2D /* libg7221codec.a */,
				A61DD9FD1E6712D400278F2D /* libgsmcodec.a */,
				A61DD9FE1E6712D400278F2D /* libilbccodec.a */,
				A61DD9FF1E6712D400278F2D /* libpj.a */,
				A61DDA001E6712D400278F2D /* libpjlib-util.a */,
				A61DDA011E6712D400278F2D /* libpjmedia-audiodev.a */,
				A61DDA021E6712D400278F2D /* libpjmedia-codec.a */,
				A61DDA031E6712D400278F2D /* libpjmedia-videodev.a */,
				A61DDA041E6712D400278F2D /* libpjmedia.a */,
				A61DDA051E6712D400278F2D /* libpjnath.a */,
				A61DDA061E6712D400278F2D /* libpjsdp.a */,
				A61DDA071E6712D400278F2D /* libpjsip-simple.a */,
				A61DDA081E6712D400278F2D /* libpjsip-ua.a */,
				A61DDA091E6712D400278F2D /* libpjsip.a */,
				A61DDA0A1E6712D400278F2D /* libpjsua.a */,
				A61DDA0B1E6712D400278F2D /* libpjsua2.a */,
				A61DDA0C1E6712D400278F2D /* libresample.a */,
				A61DDA0D1E6712D400278F2D /* libspeex.a */,
				A61DDA0E1E6712D400278F2D /* libsrtp.a */,
				A61DDA0F1E6712D400278F2D /* libyuv.a */,
				A61DD9FA1E66BE9300278F2D /* AVFoundation.framework */,
				A6D8F11F1E65E482007D5702 /* CallKit.framework */,
			);
			name = Frameworks;
			sourceTree = "<group>";
		};
		A6D0E0DF1E38B1AC0062C9B3 /* RTCPjSip */ = {
			isa = PBXGroup;
			children = (
				A6F413921E38CE9600340CC2 /* PjSipAccount.h */,
				A6F413931E38CE9600340CC2 /* PjSipAccount.m */,
				A6F413941E38CE9600340CC2 /* PjSipCall.h */,
				A6F413951E38CE9600340CC2 /* PjSipCall.m */,
				A6F413981E38CE9600340CC2 /* PjSipEndpoint.h */,
				A6F413991E38CE9600340CC2 /* PjSipEndpoint.m */,
				A6F4139A1E38CE9600340CC2 /* PjSipModule.h */,
				A6F4139B1E38CE9600340CC2 /* PjSipModule.m */,
				A6F4139C1E38CE9600340CC2 /* PjSipUtil.h */,
				A6F4139D1E38CE9600340CC2 /* PjSipUtil.m */,
				A6F4139E1E38CE9600340CC2 /* RTCPjSip.h */,
				A6F4139F1E38CE9600340CC2 /* RTCPjSip.m */,
			);
			path = RTCPjSip;
			sourceTree = "<group>";
		};
		DDFF87491D79D6F50096A8BE = {
			isa = PBXGroup;
			children = (
				A6D0E0DF1E38B1AC0062C9B3 /* RTCPjSip */,
				DDFF87531D79D6F50096A8BE /* Products */,
				A6A12F5D1E65A8400002151D /* Frameworks */,
			);
			sourceTree = "<group>";
		};
		DDFF87531D79D6F50096A8BE /* Products */ = {
			isa = PBXGroup;
			children = (
				DDFF87521D79D6F50096A8BE /* libRTCPjSip.a */,
			);
			name = Products;
			sourceTree = "<group>";
		};
/* End PBXGroup section */

/* Begin PBXNativeTarget section */
		DDFF87511D79D6F50096A8BE /* RTCPjSip */ = {
			isa = PBXNativeTarget;
			buildConfigurationList = DDFF875B1D79D6F50096A8BE /* Build configuration list for PBXNativeTarget "RTCPjSip" */;
			buildPhases = (
				DDFF874E1D79D6F50096A8BE /* Sources */,
				DDFF874F1D79D6F50096A8BE /* Frameworks */,
				DDFF87501D79D6F50096A8BE /* CopyFiles */,
			);
			buildRules = (
			);
			dependencies = (
			);
			name = RTCPjSip;
			productName = RTCPjSip;
			productReference = DDFF87521D79D6F50096A8BE /* libRTCPjSip.a */;
			productType = "com.apple.product-type.library.static";
		};
/* End PBXNativeTarget section */

/* Begin PBXProject section */
		DDFF874A1D79D6F50096A8BE /* Project object */ = {
			isa = PBXProject;
			attributes = {
				LastUpgradeCheck = 0700;
				ORGANIZATIONNAME = "Vadim Ruban";
				TargetAttributes = {
					DDFF87511D79D6F50096A8BE = {
						CreatedOnToolsVersion = 7.0.1;
						DevelopmentTeam = WN3R4938H9;
					};
				};
			};
			buildConfigurationList = DDFF874D1D79D6F50096A8BE /* Build configuration list for PBXProject "RTCPjSip" */;
			compatibilityVersion = "Xcode 3.2";
			developmentRegion = English;
			hasScannedForEncodings = 0;
			knownRegions = (
				en,
			);
			mainGroup = DDFF87491D79D6F50096A8BE;
			productRefGroup = DDFF87531D79D6F50096A8BE /* Products */;
			projectDirPath = "";
			projectRoot = "";
			targets = (
				DDFF87511D79D6F50096A8BE /* RTCPjSip */,
			);
		};
/* End PBXProject section */

/* Begin PBXSourcesBuildPhase section */
		DDFF874E1D79D6F50096A8BE /* Sources */ = {
			isa = PBXSourcesBuildPhase;
			buildActionMask = 2147483647;
			files = (
				A6F413A11E38CE9600340CC2 /* PjSipCall.m in Sources */,
				A6F413A31E38CE9600340CC2 /* PjSipEndpoint.m in Sources */,
				A6F413A41E38CE9600340CC2 /* PjSipModule.m in Sources */,
				A6F413A01E38CE9600340CC2 /* PjSipAccount.m in Sources */,
				A6F413A51E38CE9600340CC2 /* PjSipUtil.m in Sources */,
				A6F413A61E38CE9600340CC2 /* RTCPjSip.m in Sources */,
			);
			runOnlyForDeploymentPostprocessing = 0;
		};
/* End PBXSourcesBuildPhase section */

/* Begin XCBuildConfiguration section */
		DDFF87591D79D6F50096A8BE /* Debug */ = {
			isa = XCBuildConfiguration;
			buildSettings = {
				ALWAYS_SEARCH_USER_PATHS = NO;
				CLANG_CXX_LANGUAGE_STANDARD = "gnu++0x";
				CLANG_CXX_LIBRARY = "libc++";
				CLANG_ENABLE_MODULES = YES;
				CLANG_ENABLE_OBJC_ARC = YES;
				CLANG_WARN_BOOL_CONVERSION = YES;
				CLANG_WARN_CONSTANT_CONVERSION = YES;
				CLANG_WARN_DIRECT_OBJC_ISA_USAGE = YES_ERROR;
				CLANG_WARN_EMPTY_BODY = YES;
				CLANG_WARN_ENUM_CONVERSION = YES;
				CLANG_WARN_INT_CONVERSION = YES;
				CLANG_WARN_OBJC_ROOT_CLASS = YES_ERROR;
				CLANG_WARN_UNREACHABLE_CODE = YES;
				CLANG_WARN__DUPLICATE_METHOD_MATCH = YES;
				COPY_PHASE_STRIP = NO;
				DEBUG_INFORMATION_FORMAT = dwarf;
				ENABLE_STRICT_OBJC_MSGSEND = YES;
				ENABLE_TESTABILITY = YES;
				GCC_C_LANGUAGE_STANDARD = gnu99;
				GCC_DYNAMIC_NO_PIC = NO;
				GCC_NO_COMMON_BLOCKS = YES;
				GCC_OPTIMIZATION_LEVEL = 0;
				GCC_PREPROCESSOR_DEFINITIONS = (
					"DEBUG=1",
					"$(inherited)",
				);
				GCC_WARN_64_TO_32_BIT_CONVERSION = YES;
				GCC_WARN_ABOUT_RETURN_TYPE = YES_ERROR;
				GCC_WARN_UNDECLARED_SELECTOR = YES;
				GCC_WARN_UNINITIALIZED_AUTOS = YES_AGGRESSIVE;
				GCC_WARN_UNUSED_FUNCTION = YES;
				GCC_WARN_UNUSED_VARIABLE = YES;
				IPHONEOS_DEPLOYMENT_TARGET = 9.0;
				MTL_ENABLE_DEBUG_INFO = YES;
				ONLY_ACTIVE_ARCH = YES;
				SDKROOT = iphoneos;
			};
			name = Debug;
		};
		DDFF875A1D79D6F50096A8BE /* Release */ = {
			isa = XCBuildConfiguration;
			buildSettings = {
				ALWAYS_SEARCH_USER_PATHS = NO;
				CLANG_CXX_LANGUAGE_STANDARD = "gnu++0x";
				CLANG_CXX_LIBRARY = "libc++";
				CLANG_ENABLE_MODULES = YES;
				CLANG_ENABLE_OBJC_ARC = YES;
				CLANG_WARN_BOOL_CONVERSION = YES;
				CLANG_WARN_CONSTANT_CONVERSION = YES;
				CLANG_WARN_DIRECT_OBJC_ISA_USAGE = YES_ERROR;
				CLANG_WARN_EMPTY_BODY = YES;
				CLANG_WARN_ENUM_CONVERSION = YES;
				CLANG_WARN_INT_CONVERSION = YES;
				CLANG_WARN_OBJC_ROOT_CLASS = YES_ERROR;
				CLANG_WARN_UNREACHABLE_CODE = YES;
				CLANG_WARN__DUPLICATE_METHOD_MATCH = YES;
				COPY_PHASE_STRIP = NO;
				DEBUG_INFORMATION_FORMAT = "dwarf-with-dsym";
				ENABLE_NS_ASSERTIONS = NO;
				ENABLE_STRICT_OBJC_MSGSEND = YES;
				GCC_C_LANGUAGE_STANDARD = gnu99;
				GCC_NO_COMMON_BLOCKS = YES;
				GCC_WARN_64_TO_32_BIT_CONVERSION = YES;
				GCC_WARN_ABOUT_RETURN_TYPE = YES_ERROR;
				GCC_WARN_UNDECLARED_SELECTOR = YES;
				GCC_WARN_UNINITIALIZED_AUTOS = YES_AGGRESSIVE;
				GCC_WARN_UNUSED_FUNCTION = YES;
				GCC_WARN_UNUSED_VARIABLE = YES;
				IPHONEOS_DEPLOYMENT_TARGET = 9.0;
				MTL_ENABLE_DEBUG_INFO = NO;
				SDKROOT = iphoneos;
				VALIDATE_PRODUCT = YES;
			};
			name = Release;
		};
		DDFF875C1D79D6F50096A8BE /* Debug */ = {
			isa = XCBuildConfiguration;
			buildSettings = {
				ENABLE_BITCODE = NO;
				GCC_PREPROCESSOR_DEFINITIONS = (
					"DEBUG=1",
					PJ_AUTOCONF,
				);
				HEADER_SEARCH_PATHS = (
					"$(SRCROOT)/../../react-native/React/**",
					"\"$(SRCROOT)/libpjsip/Headers\"",
				);
				INFOPLIST_PREPROCESSOR_DEFINITIONS = "";
				LIBRARY_SEARCH_PATHS = (
					"$(inherited)",
					"$(PROJECT_DIR)/libpjsip/Libs",
				);
				ONLY_ACTIVE_ARCH = YES;
				OTHER_LDFLAGS = "-ObjC";
				PRODUCT_NAME = "$(TARGET_NAME)";
				SKIP_INSTALL = YES;
			};
			name = Debug;
		};
		DDFF875D1D79D6F50096A8BE /* Release */ = {
			isa = XCBuildConfiguration;
			buildSettings = {
				ENABLE_BITCODE = NO;
				GCC_PREPROCESSOR_DEFINITIONS = "";
				HEADER_SEARCH_PATHS = (
					"$(SRCROOT)/../../react-native/React/**",
					"\"$(SRCROOT)/libpjsip/Headers\"",
				);
				INFOPLIST_PREPROCESSOR_DEFINITIONS = "";
				LIBRARY_SEARCH_PATHS = (
					"$(inherited)",
					"$(PROJECT_DIR)/libpjsip/Libs",
				);
				ONLY_ACTIVE_ARCH = YES;
				OTHER_LDFLAGS = "-ObjC";
				PRODUCT_NAME = "$(TARGET_NAME)";
				SKIP_INSTALL = YES;
			};
			name = Release;
		};
/* End XCBuildConfiguration section */

/* Begin XCConfigurationList section */
		DDFF874D1D79D6F50096A8BE /* Build configuration list for PBXProject "RTCPjSip" */ = {
			isa = XCConfigurationList;
			buildConfigurations = (
				DDFF87591D79D6F50096A8BE /* Debug */,
				DDFF875A1D79D6F50096A8BE /* Release */,
			);
			defaultConfigurationIsVisible = 0;
			defaultConfigurationName = Release;
		};
		DDFF875B1D79D6F50096A8BE /* Build configuration list for PBXNativeTarget "RTCPjSip" */ = {
			isa = XCConfigurationList;
			buildConfigurations = (
				DDFF875C1D79D6F50096A8BE /* Debug */,
				DDFF875D1D79D6F50096A8BE /* Release */,
			);
			defaultConfigurationIsVisible = 0;
			defaultConfigurationName = Release;
		};
/* End XCConfigurationList section */
	};
	rootObject = DDFF874A1D79D6F50096A8BE /* Project object */;
}
